// !$*UTF8*$!
{
	archiveVersion = 1;
	classes = {
	};
	objectVersion = 46;
	objects = {

/* Begin PBXBuildFile section */
		110BAEC71F37511100F49273 /* AppDelegate.swift in Sources */ = {isa = PBXBuildFile; fileRef = 110BAEC61F37511100F49273 /* AppDelegate.swift */; };
		110BAEC91F37511100F49273 /* ViewController.swift in Sources */ = {isa = PBXBuildFile; fileRef = 110BAEC81F37511100F49273 /* ViewController.swift */; };
		110BAECC1F37511100F49273 /* Main.storyboard in Resources */ = {isa = PBXBuildFile; fileRef = 110BAECA1F37511100F49273 /* Main.storyboard */; };
		110BAECE1F37511100F49273 /* Assets.xcassets in Resources */ = {isa = PBXBuildFile; fileRef = 110BAECD1F37511100F49273 /* Assets.xcassets */; };
		110BAED11F37511100F49273 /* LaunchScreen.storyboard in Resources */ = {isa = PBXBuildFile; fileRef = 110BAECF1F37511100F49273 /* LaunchScreen.storyboard */; };
		110BAEE01F37566E00F49273 /* UIButtonBarAction@2x.png in Resources */ = {isa = PBXBuildFile; fileRef = 110BAEDD1F37566E00F49273 /* UIButtonBarAction@2x.png */; };
		110BAEE11F37566E00F49273 /* UIButtonBarAction.png in Resources */ = {isa = PBXBuildFile; fileRef = 110BAEDE1F37566E00F49273 /* UIButtonBarAction.png */; };
		110BAEE21F37566E00F49273 /* UIButtonBarAction@3x.png in Resources */ = {isa = PBXBuildFile; fileRef = 110BAEDF1F37566E00F49273 /* UIButtonBarAction@3x.png */; };
		114E47A91F39E07D0015E369 /* ios-share-button-social.jpg in Resources */ = {isa = PBXBuildFile; fileRef = 114E47A81F39E07D0015E369 /* ios-share-button-social.jpg */; };
		114E47AD1F3B8D680015E369 /* AlignedImageButton.swift in Sources */ = {isa = PBXBuildFile; fileRef = 114E47AC1F3B8D680015E369 /* AlignedImageButton.swift */; };
/* End PBXBuildFile section */

/* Begin PBXFileReference section */
		110BAEC31F37511100F49273 /* iOSActionIconUIButton.app */ = {isa = PBXFileReference; explicitFileType = wrapper.application; includeInIndex = 0; path = iOSActionIconUIButton.app; sourceTree = BUILT_PRODUCTS_DIR; };
		110BAEC61F37511100F49273 /* AppDelegate.swift */ = {isa = PBXFileReference; lastKnownFileType = sourcecode.swift; path = AppDelegate.swift; sourceTree = "<group>"; };
		110BAEC81F37511100F49273 /* ViewController.swift */ = {isa = PBXFileReference; lastKnownFileType = sourcecode.swift; path = ViewController.swift; sourceTree = "<group>"; };
		110BAECB1F37511100F49273 /* Base */ = {isa = PBXFileReference; lastKnownFileType = file.storyboard; name = Base; path = Base.lproj/Main.storyboard; sourceTree = "<group>"; };
		110BAECD1F37511100F49273 /* Assets.xcassets */ = {isa = PBXFileReference; lastKnownFileType = folder.assetcatalog; path = Assets.xcassets; sourceTree = "<group>"; };
		110BAED01F37511100F49273 /* Base */ = {isa = PBXFileReference; lastKnownFileType = file.storyboard; name = Base; path = Base.lproj/LaunchScreen.storyboard; sourceTree = "<group>"; };
		110BAED21F37511100F49273 /* Info.plist */ = {isa = PBXFileReference; lastKnownFileType = text.plist.xml; path = Info.plist; sourceTree = "<group>"; };
		110BAEDD1F37566E00F49273 /* UIButtonBarAction@2x.png */ = {isa = PBXFileReference; lastKnownFileType = image.png; path = "UIButtonBarAction@2x.png"; sourceTree = "<group>"; };
		110BAEDE1F37566E00F49273 /* UIButtonBarAction.png */ = {isa = PBXFileReference; lastKnownFileType = image.png; path = UIButtonBarAction.png; sourceTree = "<group>"; };
		110BAEDF1F37566E00F49273 /* UIButtonBarAction@3x.png */ = {isa = PBXFileReference; lastKnownFileType = image.png; path = "UIButtonBarAction@3x.png"; sourceTree = "<group>"; };
		114E47A81F39E07D0015E369 /* ios-share-button-social.jpg */ = {isa = PBXFileReference; lastKnownFileType = image.jpeg; path = "ios-share-button-social.jpg"; sourceTree = "<group>"; };
		114E47AC1F3B8D680015E369 /* AlignedImageButton.swift */ = {isa = PBXFileReference; fileEncoding = 4; lastKnownFileType = sourcecode.swift; path = AlignedImageButton.swift; sourceTree = "<group>"; };
/* End PBXFileReference section */

/* Begin PBXFrameworksBuildPhase section */
		110BAEC01F37511100F49273 /* Frameworks */ = {
			isa = PBXFrameworksBuildPhase;
			buildActionMask = 2147483647;
			files = (
			);
			runOnlyForDeploymentPostprocessing = 0;
		};
/* End PBXFrameworksBuildPhase section */

/* Begin PBXGroup section */
		110BAEBA1F37511100F49273 = {
			isa = PBXGroup;
			children = (
				110BAEC51F37511100F49273 /* iOSActionIconUIButton */,
				110BAEC41F37511100F49273 /* Products */,
			);
			sourceTree = "<group>";
		};
		110BAEC41F37511100F49273 /* Products */ = {
			isa = PBXGroup;
			children = (
				110BAEC31F37511100F49273 /* iOSActionIconUIButton.app */,
			);
			name = Products;
			sourceTree = "<group>";
		};
		110BAEC51F37511100F49273 /* iOSActionIconUIButton */ = {
			isa = PBXGroup;
			children = (
				114E47AC1F3B8D680015E369 /* AlignedImageButton.swift */,
				110BAEC61F37511100F49273 /* AppDelegate.swift */,
				110BAEC81F37511100F49273 /* ViewController.swift */,
				110BAECA1F37511100F49273 /* Main.storyboard */,
				110BAECD1F37511100F49273 /* Assets.xcassets */,
				110BAECF1F37511100F49273 /* LaunchScreen.storyboard */,
				110BAED21F37511100F49273 /* Info.plist */,
				110BAEDC1F37565D00F49273 /* images */,
			);
			path = iOSActionIconUIButton;
			sourceTree = "<group>";
		};
		110BAEDC1F37565D00F49273 /* images */ = {
			isa = PBXGroup;
			children = (
				114E47A81F39E07D0015E369 /* ios-share-button-social.jpg */,
				110BAEDD1F37566E00F49273 /* UIButtonBarAction@2x.png */,
				110BAEDE1F37566E00F49273 /* UIButtonBarAction.png */,
				110BAEDF1F37566E00F49273 /* UIButtonBarAction@3x.png */,
			);
			name = images;
			sourceTree = "<group>";
		};
/* End PBXGroup section */

/* Begin PBXNativeTarget section */
		110BAEC21F37511100F49273 /* iOSActionIconUIButton */ = {
			isa = PBXNativeTarget;
			buildConfigurationList = 110BAED51F37511100F49273 /* Build configuration list for PBXNativeTarget "iOSActionIconUIButton" */;
			buildPhases = (
				110BAEBF1F37511100F49273 /* Sources */,
				110BAEC01F37511100F49273 /* Frameworks */,
				110BAEC11F37511100F49273 /* Resources */,
			);
			buildRules = (
			);
			dependencies = (
			);
			name = iOSActionIconUIButton;
			productName = iOSActionIconUIButton;
			productReference = 110BAEC31F37511100F49273 /* iOSActionIconUIButton.app */;
			productType = "com.apple.product-type.application";
		};
/* End PBXNativeTarget section */

/* Begin PBXProject section */
		110BAEBB1F37511100F49273 /* Project object */ = {
			isa = PBXProject;
			attributes = {
				LastSwiftUpdateCheck = 0830;
				LastUpgradeCheck = 0830;
				ORGANIZATIONNAME = "Lawrence F MacFadyen";
				TargetAttributes = {
					110BAEC21F37511100F49273 = {
						CreatedOnToolsVersion = 8.3.3;
						DevelopmentTeam = T6TG5W96HH;
						ProvisioningStyle = Automatic;
					};
				};
			};
			buildConfigurationList = 110BAEBE1F37511100F49273 /* Build configuration list for PBXProject "iOSActionIconUIButton" */;
			compatibilityVersion = "Xcode 3.2";
			developmentRegion = English;
			hasScannedForEncodings = 0;
			knownRegions = (
				en,
				Base,
			);
			mainGroup = 110BAEBA1F37511100F49273;
			productRefGroup = 110BAEC41F37511100F49273 /* Products */;
			projectDirPath = "";
			projectRoot = "";
			targets = (
				110BAEC21F37511100F49273 /* iOSActionIconUIButton */,
			);
		};
/* End PBXProject section */

/* Begin PBXResourcesBuildPhase section */
		110BAEC11F37511100F49273 /* Resources */ = {
			isa = PBXResourcesBuildPhase;
			buildActionMask = 2147483647;
			files = (
				110BAED11F37511100F49273 /* LaunchScreen.storyboard in Resources */,
				110BAECE1F37511100F49273 /* Assets.xcassets in Resources */,
				110BAEE11F37566E00F49273 /* UIButtonBarAction.png in Resources */,
				110BAEE21F37566E00F49273 /* UIButtonBarAction@3x.png in Resources */,
				110BAEE01F37566E00F49273 /* UIButtonBarAction@2x.png in Resources */,
				110BAECC1F37511100F49273 /* Main.storyboard in Resources */,
				114E47A91F39E07D0015E369 /* ios-share-button-social.jpg in Resources */,
			);
			runOnlyForDeploymentPostprocessing = 0;
		};
/* End PBXResourcesBuildPhase section */

/* Begin PBXSourcesBuildPhase section */
		110BAEBF1F37511100F49273 /* Sources */ = {
			isa = PBXSourcesBuildPhase;
			buildActionMask = 2147483647;
			files = (
				114E47AD1F3B8D680015E369 /* AlignedImageButton.swift in Sources */,
				110BAEC91F37511100F49273 /* ViewController.swift in Sources */,
				110BAEC71F37511100F49273 /* AppDelegate.swift in Sources */,
			);
			runOnlyForDeploymentPostprocessing = 0;
		};
/* End PBXSourcesBuildPhase section */

/* Begin PBXVariantGroup section */
		110BAECA1F37511100F49273 /* Main.storyboard */ = {
			isa = PBXVariantGroup;
			children = (
				110BAECB1F37511100F49273 /* Base */,
			);
			name = Main.storyboard;
			sourceTree = "<group>";
		};
		110BAECF1F37511100F49273 /* LaunchScreen.storyboard */ = {
			isa = PBXVariantGroup;
			children = (
				110BAED01F37511100F49273 /* Base */,
			);
			name = LaunchScreen.storyboard;
			sourceTree = "<group>";
		};
/* End PBXVariantGroup section */

/* Begin XCBuildConfiguration section */
		110BAED31F37511100F49273 /* Debug */ = {
			isa = XCBuildConfiguration;
			buildSettings = {
				ALWAYS_SEARCH_USER_PATHS = NO;
				CLANG_ANALYZER_NONNULL = YES;
				CLANG_ANALYZER_NUMBER_OBJECT_CONVERSION = YES_AGGRESSIVE;
				CLANG_CXX_LANGUAGE_STANDARD = "gnu++0x";
				CLANG_CXX_LIBRARY = "libc++";
				CLANG_ENABLE_MODULES = YES;
				CLANG_ENABLE_OBJC_ARC = YES;
				CLANG_WARN_BOOL_CONVERSION = YES;
				CLANG_WARN_CONSTANT_CONVERSION = YES;
				CLANG_WARN_DIRECT_OBJC_ISA_USAGE = YES_ERROR;
				CLANG_WARN_DOCUMENTATION_COMMENTS = YES;
				CLANG_WARN_EMPTY_BODY = YES;
				CLANG_WARN_ENUM_CONVERSION = YES;
				CLANG_WARN_INFINITE_RECURSION = YES;
				CLANG_WARN_INT_CONVERSION = YES;
				CLANG_WARN_OBJC_ROOT_CLASS = YES_ERROR;
				CLANG_WARN_SUSPICIOUS_MOVE = YES;
				CLANG_WARN_UNREACHABLE_CODE = YES;
				CLANG_WARN__DUPLICATE_METHOD_MATCH = YES;
				"CODE_SIGN_IDENTITY[sdk=iphoneos*]" = "iPhone Developer";
				COPY_PHASE_STRIP = NO;
				DEBUG_INFORMATION_FORMAT = dwarf;
				ENABLE_STRICT_OBJC_MSGSEND = YES;
				ENABLE_TESTABILITY = YES;
				GCC_C_LANGUAGE_STANDARD = gnu99;
				GCC_DYNAMIC_NO_PIC = NO;
				GCC_NO_COMMON_BLOCKS = YES;
				GCC_OPTIMIZATION_LEVEL = 0;
				GCC_PREPROCESSOR_DEFINITIONS = (
					"DEBUG=1",
					"$(inherited)",
				);
				GCC_WARN_64_TO_32_BIT_CONVERSION = YES;
				GCC_WARN_ABOUT_RETURN_TYPE = YES_ERROR;
				GCC_WARN_UNDECLARED_SELECTOR = YES;
				GCC_WARN_UNINITIALIZED_AUTOS = YES_AGGRESSIVE;
				GCC_WARN_UNUSED_FUNCTION = YES;
				GCC_WARN_UNUSED_VARIABLE = YES;
				IPHONEOS_DEPLOYMENT_TARGET = 10.3;
				MTL_ENABLE_DEBUG_INFO = YES;
				ONLY_ACTIVE_ARCH = YES;
				SDKROOT = iphoneos;
				SWIFT_ACTIVE_COMPILATION_CONDITIONS = DEBUG;
				SWIFT_OPTIMIZATION_LEVEL = "-Onone";
				TARGETED_DEVICE_FAMILY = "1,2";
			};
			name = Debug;
		};
		110BAED41F37511100F49273 /* Release */ = {
			isa = XCBuildConfiguration;
			buildSettings = {
				ALWAYS_SEARCH_USER_PATHS = NO;
				CLANG_ANALYZER_NONNULL = YES;
				CLANG_ANALYZER_NUMBER_OBJECT_CONVERSION = YES_AGGRESSIVE;
				CLANG_CXX_LANGUAGE_STANDARD = "gnu++0x";
				CLANG_CXX_LIBRARY = "libc++";
				CLANG_ENABLE_MODULES = YES;
				CLANG_ENABLE_OBJC_ARC = YES;
				CLANG_WARN_BOOL_CONVERSION = YES;
				CLANG_WARN_CONSTANT_CONVERSION = YES;
				CLANG_WARN_DIRECT_OBJC_ISA_USAGE = YES_ERROR;
				CLANG_WARN_DOCUMENTATION_COMMENTS = YES;
				CLANG_WARN_EMPTY_BODY = YES;
				CLANG_WARN_ENUM_CONVERSION = YES;
				CLANG_WARN_INFINITE_RECURSION = YES;
				CLANG_WARN_INT_CONVERSION = YES;
				CLANG_WARN_OBJC_ROOT_CLASS = YES_ERROR;
				CLANG_WARN_SUSPICIOUS_MOVE = YES;
				CLANG_WARN_UNREACHABLE_CODE = YES;
				CLANG_WARN__DUPLICATE_METHOD_MATCH = YES;
				"CODE_SIGN_IDENTITY[sdk=iphoneos*]" = "iPhone Developer";
				COPY_PHASE_STRIP = NO;
				DEBUG_INFORMATION_FORMAT = "dwarf-with-dsym";
				ENABLE_NS_ASSERTIONS = NO;
				ENABLE_STRICT_OBJC_MSGSEND = YES;
				GCC_C_LANGUAGE_STANDARD = gnu99;
				GCC_NO_COMMON_BLOCKS = YES;
				GCC_WARN_64_TO_32_BIT_CONVERSION = YES;
				GCC_WARN_ABOUT_RETURN_TYPE = YES_ERROR;
				GCC_WARN_UNDECLARED_SELECTOR = YES;
				GCC_WARN_UNINITIALIZED_AUTOS = YES_AGGRESSIVE;
				GCC_WARN_UNUSED_FUNCTION = YES;
				GCC_WARN_UNUSED_VARIABLE = YES;
				IPHONEOS_DEPLOYMENT_TARGET = 10.3;
				MTL_ENABLE_DEBUG_INFO = NO;
				SDKROOT = iphoneos;
				SWIFT_OPTIMIZATION_LEVEL = "-Owholemodule";
				TARGETED_DEVICE_FAMILY = "1,2";
				VALIDATE_PRODUCT = YES;
			};
			name = Release;
		};
		110BAED61F37511100F49273 /* Debug */ = {
			isa = XCBuildConfiguration;
			buildSettings = {
				ASSETCATALOG_COMPILER_APPICON_NAME = AppIcon;
				DEVELOPMENT_TEAM = T6TG5W96HH;
				INFOPLIST_FILE = iOSActionIconUIButton/Info.plist;
				LD_RUNPATH_SEARCH_PATHS = "$(inherited) @executable_path/Frameworks";
				PRODUCT_BUNDLE_IDENTIFIER = com.lawrencem.iOSActionIconUIButton;
				PRODUCT_NAME = "$(TARGET_NAME)";
				SWIFT_VERSION = 3.0;
			};
			name = Debug;
		};
		110BAED71F37511100F49273 /* Release */ = {
			isa = XCBuildConfiguration;
			buildSettings = {
				ASSETCATALOG_COMPILER_APPICON_NAME = AppIcon;
				DEVELOPMENT_TEAM = T6TG5W96HH;
				INFOPLIST_FILE = iOSActionIconUIButton/Info.plist;
				LD_RUNPATH_SEARCH_PATHS = "$(inherited) @executable_path/Frameworks";
				PRODUCT_BUNDLE_IDENTIFIER = com.lawrencem.iOSActionIconUIButton;
				PRODUCT_NAME = "$(TARGET_NAME)";
				SWIFT_VERSION = 3.0;
			};
			name = Release;
		};
/* End XCBuildConfiguration section */

/* Begin XCConfigurationList section */
		110BAEBE1F37511100F49273 /* Build configuration list for PBXProject "iOSActionIconUIButton" */ = {
			isa = XCConfigurationList;
			buildConfigurations = (
				110BAED31F37511100F49273 /* Debug */,
				110BAED41F37511100F49273 /* Release */,
			);
			defaultConfigurationIsVisible = 0;
			defaultConfigurationName = Release;
		};
		110BAED51F37511100F49273 /* Build configuration list for PBXNativeTarget "iOSActionIconUIButton" */ = {
			isa = XCConfigurationList;
			buildConfigurations = (
				110BAED61F37511100F49273 /* Debug */,
				110BAED71F37511100F49273 /* Release */,
			);
			defaultConfigurationIsVisible = 0;
			defaultConfigurationName = Release;
		};
/* End XCConfigurationList section */
	};
	rootObject = 110BAEBB1F37511100F49273 /* Project object */;
}
